
Microsoft Visual Studio Solution File, Format Version 12.00
# Visual Studio Version 17
VisualStudioVersion = 17.13.35931.197
MinimumVisualStudioVersion = 10.0.40219.1
Project("{FAE04EC0-301F-11D3-BF4B-00C04F79EFBC}") = "Futurist.Nordic.NRF244L01P", "Futurist.Nordic.NRF244L01P\Futurist.Nordic.NRF244L01P.csproj", "{8919AD84-E905-48C0-BDF5-E13A7C15725C}"
EndProject
Project("{FAE04EC0-301F-11D3-BF4B-00C04F79EFBC}") = "Sandbox", "Sandbox\Sandbox.csproj", "{E9B4AB75-2446-424A-BA2E-A83731F8E4AB}"
EndProject
Project("{FAE04EC0-301F-11D3-BF4B-00C04F79EFBC}") = "UnitTests", "UnitTests\UnitTests.csproj", "{95F3C79A-0DFD-4638-845D-9818EEE1F91C}"
EndProject
Global
	GlobalSection(SolutionConfigurationPlatforms) = preSolution
		Debug|Any CPU = Debug|Any CPU
		Release|Any CPU = Release|Any CPU
	EndGlobalSection
	GlobalSection(ProjectConfigurationPlatforms) = postSolution
		{8919AD84-E905-48C0-BDF5-E13A7C15725C}.Debug|Any CPU.ActiveCfg = Debug|Any CPU
		{8919AD84-E905-48C0-BDF5-E13A7C15725C}.Debug|Any CPU.Build.0 = Debug|Any CPU
		{8919AD84-E905-48C0-BDF5-E13A7C15725C}.Release|Any CPU.ActiveCfg = Release|Any CPU
		{8919AD84-E905-48C0-BDF5-E13A7C15725C}.Release|Any CPU.Build.0 = Release|Any CPU
		{E9B4AB75-2446-424A-BA2E-A83731F8E4AB}.Debug|Any CPU.ActiveCfg = Debug|Any CPU
		{E9B4AB75-2446-424A-BA2E-A83731F8E4AB}.Debug|Any CPU.Build.0 = Debug|Any CPU
		{E9B4AB75-2446-424A-BA2E-A83731F8E4AB}.Release|Any CPU.ActiveCfg = Release|Any CPU
		{E9B4AB75-2446-424A-BA2E-A83731F8E4AB}.Release|Any CPU.Build.0 = Release|Any CPU
		{95F3C79A-0DFD-4638-845D-9818EEE1F91C}.Debug|Any CPU.ActiveCfg = Debug|Any CPU
		{95F3C79A-0DFD-4638-845D-9818EEE1F91C}.Debug|Any CPU.Build.0 = Debug|Any CPU
		{95F3C79A-0DFD-4638-845D-9818EEE1F91C}.Release|Any CPU.ActiveCfg = Release|Any CPU
		{95F3C79A-0DFD-4638-845D-9818EEE1F91C}.Release|Any CPU.Build.0 = Release|Any CPU
	EndGlobalSection
	GlobalSection(SolutionProperties) = preSolution
		HideSolutionNode = FALSE
	EndGlobalSection
	GlobalSection(ExtensibilityGlobals) = postSolution
		SolutionGuid = {1AD50AD4-1933-4F12-BC76-14C291BA7587}
	EndGlobalSection
EndGlobal
